<Solution>
  <Project Path="StudentManagerV1/StudentManagerV1.csproj" />
  <Project Path="StudentManagerV10PropertyHotKey/StudentManagerV10PropertyHotKey.csproj" Id="c8ec2a14-af38-4a01-8c5a-212be5f2e12c" />
  <Project Path="StudentManagerV11PropertyAutoBackingField/StudentManagerV11PropertyAutoBackingField.csproj" Id="84dc76fe-1e21-47d9-9b46-29977b765c77" />
  <Project Path="StudentManagerV2MultipleConstructors/StudentManagerV2MultipleConstructors.csproj" Id="c44e0a82-51cf-4f18-a1af-3ffef38d0ede" />
  <Project Path="StudentManagerV3EmptyConstructor\StudentManagerV3EmptyConstructor.csproj" />
  <Project Path="Test/Test.csproj" />
</Solution>
